{
  "name": "task_manager",
  "lockfileVersion": 3,
  "requires": true,
  "packages": {
    "": {
      "dependencies": {
        "@floating-ui/dom": "^1.6.13",
        "click-outside": "^2.0.2"
      }
    },
    "node_modules/@floating-ui/core": {
      "version": "1.6.9",
      "resolved": "https://registry.npmjs.org/@floating-ui/core/-/core-1.6.9.tgz",
      "integrity": "sha512-uMXCuQ3BItDUbAMhIXw7UPXRfAlOAvZzdK9BWpE60MCn+Svt3aLn9jsPTi/WNGlRUu2uI0v5S7JiIUsbsvh3fw==",
      "license": "MIT",
      "dependencies": {
        "@floating-ui/utils": "^0.2.9"
      }
    },
    "node_modules/@floating-ui/dom": {
      "version": "1.6.13",
      "resolved": "https://registry.npmjs.org/@floating-ui/dom/-/dom-1.6.13.tgz",
      "integrity": "sha512-umqzocjDgNRGTuO7Q8CU32dkHkECqI8ZdMZ5Swb6QAM0t5rnlrN3lGo1hdpscRd3WS8T6DKYK4ephgIH9iRh3w==",
      "license": "MIT",
      "dependencies": {
        "@floating-ui/core": "^1.6.0",
        "@floating-ui/utils": "^0.2.9"
      }
    },
    "node_modules/@floating-ui/utils": {
      "version": "0.2.9",
      "resolved": "https://registry.npmjs.org/@floating-ui/utils/-/utils-0.2.9.tgz",
      "integrity": "sha512-MDWhGtE+eHw5JW7lq4qhc5yRLS11ERl1c7Z6Xd0a58DozHES6EnNNwUWbMiG4J9Cgj053Bhk8zvlhFYKVhULwg==",
      "license": "MIT"
    },
    "node_modules/babel-runtime": {
      "version": "6.26.0",
      "resolved": "https://registry.npmjs.org/babel-runtime/-/babel-runtime-6.26.0.tgz",
      "integrity": "sha512-ITKNuq2wKlW1fJg9sSW52eepoYgZBggvOAHC0u/CYu/qxQ9EVzThCgR69BnSXLHjy2f7SY5zaQ4yt7H9ZVxY2g==",
      "license": "MIT",
      "dependencies": {
        "core-js": "^2.4.0",
        "regenerator-runtime": "^0.11.0"
      }
    },
    "node_modules/click-outside": {
      "version": "2.0.2",
      "resolved": "https://registry.npmjs.org/click-outside/-/click-outside-2.0.2.tgz",
      "integrity": "sha512-/uHCqIZzWyv1ub9TV5xC/1EnGskQtyVWcqmp980XBSqi2RazT33L5Gks9SUM1x8dzwWblJiPb+Da0ei494JbRQ==",
      "license": "MIT",
      "dependencies": {
        "babel-runtime": "^6.9.2",
        "component-event": "^0.1.4",
        "node-contains": "^1.0.0"
      }
    },
    "node_modules/component-event": {
      "version": "0.1.4",
      "resolved": "https://registry.npmjs.org/component-event/-/component-event-0.1.4.tgz",
      "integrity": "sha512-GMwOG8MnUHP1l8DZx1ztFO0SJTFnIzZnBDkXAj8RM2ntV2A6ALlDxgbMY1Fvxlg6WPQ+5IM/a6vg4PEYbjg/Rw=="
    },
    "node_modules/core-js": {
      "version": "2.6.12",
      "resolved": "https://registry.npmjs.org/core-js/-/core-js-2.6.12.tgz",
      "integrity": "sha512-Kb2wC0fvsWfQrgk8HU5lW6U/Lcs8+9aaYcy4ZFc6DDlo4nZ7n70dEgE5rtR0oG6ufKDUnrwfWL1mXR5ljDatrQ==",
      "deprecated": "core-js@<3.23.3 is no longer maintained and not recommended for usage due to the number of issues. Because of the V8 engine whims, feature detection in old core-js versions could cause a slowdown up to 100x even if nothing is polyfilled. Some versions have web compatibility issues. Please, upgrade your dependencies to the actual version of core-js.",
      "hasInstallScript": true,
      "license": "MIT"
    },
    "node_modules/node-contains": {
      "version": "1.0.0",
      "resolved": "https://registry.npmjs.org/node-contains/-/node-contains-1.0.0.tgz",
      "integrity": "sha512-rl8Is1JUeg8HHmJpY8Za5g36V3qfI0/ZYjRktNqC1+0YoeoP7QdeYDJPxZASDy2Rj/9N7oNLracGBIKRIkWGzQ==",
      "license": "MIT"
    },
    "node_modules/regenerator-runtime": {
      "version": "0.11.1",
      "resolved": "https://registry.npmjs.org/regenerator-runtime/-/regenerator-runtime-0.11.1.tgz",
      "integrity": "sha512-MguG95oij0fC3QV3URf4V2SDYGJhJnJGqvIIgdECeODCT98wSWDAJ94SSuVpYQUoTcGUIL6L4yNB7j1DFFHSBg==",
      "license": "MIT"
    }
  }
}
